[{<<"cowboy">>,
  {git,"git@github.com:ninenines/cowboy.git",
       {ref,"5ff3fdd91e20a137b6378c7271826c1d94d4e3d2"}},
  0},
 {<<"cowlib">>,
  {git,"git://github.com/ninenines/cowlib.git",
       {ref,"d544a494af4dbc810fc9c15eaf5cc050cced1501"}},
  1},
 {<<"epgsql">>,
  {git,"git@github.com:epgsql/epgsql.git",
       {ref,"e0379f93f2fe54055d4e0304dd2fcfe1ffd97ec1"}},
  0},
 {<<"eredis">>,
  {git,"git://github.com/wooga/eredis.git",
       {ref,"bf12ecb30253c84a2331f4f0d93fd68856fcb9f4"}},
  1},
 {<<"poolboy">>,
  {git,"git://github.com/devinus/poolboy.git",
       {ref,"3bb3972617b3706b7fda6e264bf6bdaefbb833cd"}},
  1},
 {<<"ranch">>,
  {git,"git://github.com/ninenines/ranch.git",
       {ref,"adf1822defc2b7cfdc7aca112adabfa1d614043c"}},
  1},
 {<<"sharded_eredis">>,
  {git,"git@github.com:jeremyong/sharded_eredis.git",
       {ref,"ba770d8710bf2f3c43bd7b0a4cdebfdbe957c17b"}},
  0}].
