[{<<"cowboy">>,
  {git,"git@github.com:ninenines/cowboy.git",
       {ref,"45158c1da454b5c7406418afeccaecf54232deeb"}},
  0},
 {<<"cowlib">>,
  {git,"https://github.com/ninenines/cowlib",
       {ref,"b5d5d674b160433f9ddf18e5b034cceb8f2bdab4"}},
  1},
 {<<"epgsql">>,
  {git,"git@github.com:epgsql/epgsql.git",
       {ref,"e0379f93f2fe54055d4e0304dd2fcfe1ffd97ec1"}},
  0},
 {<<"eredis">>,
  {git,"git://github.com/wooga/eredis.git",
       {ref,"bf12ecb30253c84a2331f4f0d93fd68856fcb9f4"}},
  1},
 {<<"poolboy">>,
  {git,"git://github.com/devinus/poolboy.git",
       {ref,"3bb3972617b3706b7fda6e264bf6bdaefbb833cd"}},
  1},
 {<<"ranch">>,
  {git,"https://github.com/ninenines/ranch",
       {ref,"a5d2efcde9a34ad38ab89a26d98ea5335e88625a"}},
  1},
 {<<"sharded_eredis">>,
  {git,"git@github.com:jeremyong/sharded_eredis.git",
       {ref,"ba770d8710bf2f3c43bd7b0a4cdebfdbe957c17b"}},
  0}].
